<?xml version="1.0" encoding="utf-8"?>
<Project ToolsVersion="4.0" xmlns="http://schemas.microsoft.com/developer/msbuild/2003">
  <ItemGroup>
    <Filter Include="Source Files">
      <UniqueIdentifier>{4FC737F1-C7A5-4376-A066-2A32D752A2FF}</UniqueIdentifier>
      <Extensions>cpp;c;cc;cxx;c++;cppm;ixx;def;odl;idl;hpj;bat;asm;asmx</Extensions>
    </Filter>
    <Filter Include="Header Files">
      <UniqueIdentifier>{93995380-89BD-4b04-88EB-625FBE52EBFB}</UniqueIdentifier>
      <Extensions>h;hh;hpp;hxx;h++;hm;inl;inc;ipp;xsd</Extensions>
    </Filter>
    <Filter Include="Resource Files">
      <UniqueIdentifier>{67DA6AB6-F800-4c08-8B7A-83BB121AAD01}</UniqueIdentifier>
      <Extensions>rc;ico;cur;bmp;dlg;rc2;rct;bin;rgs;gif;jpg;jpeg;jpe;resx;tiff;tif;png;wav;mfcribbon-ms</Extensions>
    </Filter>
    <Filter Include="Header Files\Properties">
      <UniqueIdentifier>{6c7a5419-d2a8-4ae7-addd-50fc683d27cc}</UniqueIdentifier>
    </Filter>
    <Filter Include="Header Files\DataUI">
      <UniqueIdentifier>{a7b571ed-52b6-4fe7-992e-a3a2bc5063c3}</UniqueIdentifier>
    </Filter>
  </ItemGroup>
  <ItemGroup>
    <ClInclude Include="src\Properties\Alignment.h">
      <Filter>Header Files\Properties</Filter>
    </ClInclude>
    <ClInclude Include="src\GUITextBox.h">
      <Filter>Header Files</Filter>
    </ClInclude>
    <ClInclude Include="src\GUIButton.h">
      <Filter>Header Files</Filter>
    </ClInclude>
    <ClInclude Include="src\Properties\Event.h">
      <Filter>Header Files\Properties</Filter>
    </ClInclude>
    <ClInclude Include="src\GUICheckBox.h">
      <Filter>Header Files</Filter>
    </ClInclude>
    <ClInclude Include="src\GuiDropDownBox.h">
      <Filter>Header Files</Filter>
    </ClInclude>
    <ClInclude Include="src\DataUI\ListItem.h">
      <Filter>Header Files\DataUI</Filter>
    </ClInclude>
    <ClInclude Include="src\GuiProgressBar.h">
      <Filter>Header Files</Filter>
    </ClInclude>
    <ClInclude Include="src\GuiScrollBar.h">
      <Filter>Header Files</Filter>
    </ClInclude>
    <ClInclude Include="src\Properties\Orientation.h">
      <Filter>Header Files\Properties</Filter>
    </ClInclude>
  </ItemGroup>
  <ItemGroup>
    <ClCompile Include="src\RaylibGUIPlus.h">
      <Filter>Source Files</Filter>
    </ClCompile>
  </ItemGroup>
</Project>